
Microsoft Visual Studio Solution File, Format Version 12.00
# Visual Studio Version 17
VisualStudioVersion = 17.2.32602.215
MinimumVisualStudioVersion = 10.0.40219.1
Project("{FAE04EC0-301F-11D3-BF4B-00C04F79EFBC}") = "NavegadorWeb", "NavegadorWeb\NavegadorWeb.csproj", "{5DE9BD86-0AE9-4B6B-828A-0332ECB81D3C}"
EndProject
Global
	GlobalSection(SolutionConfigurationPlatforms) = preSolution
		Debug|Any CPU = Debug|Any CPU
		Release|Any CPU = Release|Any CPU
	EndGlobalSection
	GlobalSection(ProjectConfigurationPlatforms) = postSolution
		{5DE9BD86-0AE9-4B6B-828A-0332ECB81D3C}.Debug|Any CPU.ActiveCfg = Debug|Any CPU
		{5DE9BD86-0AE9-4B6B-828A-0332ECB81D3C}.Debug|Any CPU.Build.0 = Debug|Any CPU
		{5DE9BD86-0AE9-4B6B-828A-0332ECB81D3C}.Release|Any CPU.ActiveCfg = Release|Any CPU
		{5DE9BD86-0AE9-4B6B-828A-0332ECB81D3C}.Release|Any CPU.Build.0 = Release|Any CPU
	EndGlobalSection
	GlobalSection(SolutionProperties) = preSolution
		HideSolutionNode = FALSE
	EndGlobalSection
	GlobalSection(ExtensibilityGlobals) = postSolution
		SolutionGuid = {7B6987E7-F238-4854-85C3-8BFF19FCAAC9}
	EndGlobalSection
EndGlobal
